
Microsoft Visual Studio Solution File, Format Version 12.00
# Visual Studio Version 16
VisualStudioVersion = 16.0.31005.135
MinimumVisualStudioVersion = 10.0.40219.1
Project("{FAE04EC0-301F-11D3-BF4B-00C04F79EFBC}") = "ServiceRequestApp", "ServiceRequestApp.csproj", "{A474B251-B39C-4C7B-9BA3-726106D962DA}"
EndProject
Global
	GlobalSection(SolutionConfigurationPlatforms) = preSolution
		Debug|Any CPU = Debug|Any CPU
		Release|Any CPU = Release|Any CPU
	EndGlobalSection
	GlobalSection(ProjectConfigurationPlatforms) = postSolution
		{A474B251-B39C-4C7B-9BA3-726106D962DA}.Debug|Any CPU.ActiveCfg = Debug|Any CPU
		{A474B251-B39C-4C7B-9BA3-726106D962DA}.Debug|Any CPU.Build.0 = Debug|Any CPU
		{A474B251-B39C-4C7B-9BA3-726106D962DA}.Release|Any CPU.ActiveCfg = Release|Any CPU
		{A474B251-B39C-4C7B-9BA3-726106D962DA}.Release|Any CPU.Build.0 = Release|Any CPU
	EndGlobalSection
	GlobalSection(SolutionProperties) = preSolution
		HideSolutionNode = FALSE
	EndGlobalSection
	GlobalSection(ExtensibilityGlobals) = postSolution
		SolutionGuid = {F3709809-F926-475D-B3AC-700954189580}
	EndGlobalSection
EndGlobal
